// !$*UTF8*$!
{
	archiveVersion = 1;
	classes = {
	};
	objectVersion = 77;
	objects = {

/* Begin PBXBuildFile section */
		370B21532F4E672D00223E5B /* GameKit.framework in Frameworks */ = {isa = PBXBuildFile; fileRef = 370B21522F4E672D00223E5B /* GameKit.framework */; };
/* End PBXBuildFile section */

/* Begin PBXContainerItemProxy section */
		3776300C2F48D0BC00939EFA /* PBXContainerItemProxy */ = {
			isa = PBXContainerItemProxy;
			containerPortal = 37762FED2F48D0BA00939EFA /* Project object */;
			proxyType = 1;
			remoteGlobalIDString = 37762FF42F48D0BA00939EFA;
			remoteInfo = "GIS Simulator 2";
		};
		377630162F48D0BC00939EFA /* PBXContainerItemProxy */ = {
			isa = PBXContainerItemProxy;
			containerPortal = 37762FED2F48D0BA00939EFA /* Project object */;
			proxyType = 1;
			remoteGlobalIDString = 37762FF42F48D0BA00939EFA;
			remoteInfo = "GIS Simulator 2";
		};
/* End PBXContainerItemProxy section */

/* Begin PBXFileReference section */
		370B21522F4E672D00223E5B /* GameKit.framework */ = {isa = PBXFileReference; lastKnownFileType = wrapper.framework; name = GameKit.framework; path = System/Library/Frameworks/GameKit.framework; sourceTree = SDKROOT; };
		37762FF52F48D0BA00939EFA /* GIS Simulator 2.app */ = {isa = PBXFileReference; explicitFileType = wrapper.application; includeInIndex = 0; path = "GIS Simulator 2.app"; sourceTree = BUILT_PRODUCTS_DIR; };
		3776300B2F48D0BC00939EFA /* GIS Simulator 2Tests.xctest */ = {isa = PBXFileReference; explicitFileType = wrapper.cfbundle; includeInIndex = 0; path = "GIS Simulator 2Tests.xctest"; sourceTree = BUILT_PRODUCTS_DIR; };
		377630152F48D0BC00939EFA /* GIS Simulator 2UITests.xctest */ = {isa = PBXFileReference; explicitFileType = wrapper.cfbundle; includeInIndex = 0; path = "GIS Simulator 2UITests.xctest"; sourceTree = BUILT_PRODUCTS_DIR; };
/* End PBXFileReference section */

/* Begin PBXFileSystemSynchronizedBuildFileExceptionSet section */
		370448912F7ECF5B00D0D8C4 /* Exceptions for "GIS Simulator 2" folder in "GIS Simulator 2" target */ = {
			isa = PBXFileSystemSynchronizedBuildFileExceptionSet;
			membershipExceptions = (
				Info.plist,
			);
			target = 37762FF42F48D0BA00939EFA /* GIS Simulator 2 */;
		};
/* End PBXFileSystemSynchronizedBuildFileExceptionSet section */

/* Begin PBXFileSystemSynchronizedRootGroup section */
		370448692F7ECF5A00D0D8C4 /* GIS Simulator 2 */ = {
			isa = PBXFileSystemSynchronizedRootGroup;
			exceptions = (
				370448912F7ECF5B00D0D8C4 /* Exceptions for "GIS Simulator 2" folder in "GIS Simulator 2" target */,
			);
			path = "GIS Simulator 2";
			sourceTree = "<group>";
		};
		3776300E2F48D0BC00939EFA /* GIS Simulator 2Tests */ = {
			isa = PBXFileSystemSynchronizedRootGroup;
			path = "GIS Simulator 2Tests";
			sourceTree = "<group>";
		};
		377630182F48D0BC00939EFA /* GIS Simulator 2UITests */ = {
			isa = PBXFileSystemSynchronizedRootGroup;
			path = "GIS Simulator 2UITests";
			sourceTree = "<group>";
		};
/* End PBXFileSystemSynchronizedRootGroup section */

/* Begin PBXFrameworksBuildPhase section */
		37762FF22F48D0BA00939EFA /* Frameworks */ = {
			isa = PBXFrameworksBuildPhase;
			buildActionMask = 2147483647;
			files = (
				370B21532F4E672D00223E5B /* GameKit.framework in Frameworks */,
			);
			runOnlyForDeploymentPostprocessing = 0;
		};
		377630082F48D0BC00939EFA /* Frameworks */ = {
			isa = PBXFrameworksBuildPhase;
			buildActionMask = 2147483647;
			files = (
			);
			runOnlyForDeploymentPostprocessing = 0;
		};
		377630122F48D0BC00939EFA /* Frameworks */ = {
			isa = PBXFrameworksBuildPhase;
			buildActionMask = 2147483647;
			files = (
			);
			runOnlyForDeploymentPostprocessing = 0;
		};
/* End PBXFrameworksBuildPhase section */

/* Begin PBXGroup section */
		370B21512F4E672D00223E5B /* Frameworks */ = {
			isa = PBXGroup;
			children = (
				370B21522F4E672D00223E5B /* GameKit.framework */,
			);
			name = Frameworks;
			sourceTree = "<group>";
		};
		37762FEC2F48D0BA00939EFA = {
			isa = PBXGroup;
			children = (
				370448692F7ECF5A00D0D8C4 /* GIS Simulator 2 */,
				3776300E2F48D0BC00939EFA /* GIS Simulator 2Tests */,
				377630182F48D0BC00939EFA /* GIS Simulator 2UITests */,
				370B21512F4E672D00223E5B /* Frameworks */,
				37762FF62F48D0BA00939EFA /* Products */,
			);
			sourceTree = "<group>";
		};
		37762FF62F48D0BA00939EFA /* Products */ = {
			isa = PBXGroup;
			children = (
				37762FF52F48D0BA00939EFA /* GIS Simulator 2.app */,
				3776300B2F48D0BC00939EFA /* GIS Simulator 2Tests.xctest */,
				377630152F48D0BC00939EFA /* GIS Simulator 2UITests.xctest */,
			);
			name = Products;
			sourceTree = "<group>";
		};
/* End PBXGroup section */

/* Begin PBXNativeTarget section */
		37762FF42F48D0BA00939EFA /* GIS Simulator 2 */ = {
			isa = PBXNativeTarget;
			buildConfigurationList = 3776301E2F48D0BC00939EFA /* Build configuration list for PBXNativeTarget "GIS Simulator 2" */;
			buildPhases = (
				37762FF12F48D0BA00939EFA /* Sources */,
				37762FF22F48D0BA00939EFA /* Frameworks */,
				37762FF32F48D0BA00939EFA /* Resources */,
			);
			buildRules = (
			);
			dependencies = (
			);
			fileSystemSynchronizedGroups = (
				370448692F7ECF5A00D0D8C4 /* GIS Simulator 2 */,
			);
			name = "GIS Simulator 2";
			packageProductDependencies = (
			);
			productName = "GIS Simulator 2";
			productReference = 37762FF52F48D0BA00939EFA /* GIS Simulator 2.app */;
			productType = "com.apple.product-type.application";
		};
		3776300A2F48D0BC00939EFA /* GIS Simulator 2Tests */ = {
			isa = PBXNativeTarget;
			buildConfigurationList = 377630232F48D0BC00939EFA /* Build configuration list for PBXNativeTarget "GIS Simulator 2Tests" */;
			buildPhases = (
				377630072F48D0BC00939EFA /* Sources */,
				377630082F48D0BC00939EFA /* Frameworks */,
				377630092F48D0BC00939EFA /* Resources */,
			);
			buildRules = (
			);
			dependencies = (
				3776300D2F48D0BC00939EFA /* PBXTargetDependency */,
			);
			fileSystemSynchronizedGroups = (
				3776300E2F48D0BC00939EFA /* GIS Simulator 2Tests */,
			);
			name = "GIS Simulator 2Tests";
			packageProductDependencies = (
			);
			productName = "GIS Simulator 2Tests";
			productReference = 3776300B2F48D0BC00939EFA /* GIS Simulator 2Tests.xctest */;
			productType = "com.apple.product-type.bundle.unit-test";
		};
		377630142F48D0BC00939EFA /* GIS Simulator 2UITests */ = {
			isa = PBXNativeTarget;
			buildConfigurationList = 377630262F48D0BC00939EFA /* Build configuration list for PBXNativeTarget "GIS Simulator 2UITests" */;
			buildPhases = (
				377630112F48D0BC00939EFA /* Sources */,
				377630122F48D0BC00939EFA /* Frameworks */,
				377630132F48D0BC00939EFA /* Resources */,
			);
			buildRules = (
			);
			dependencies = (
				377630172F48D0BC00939EFA /* PBXTargetDependency */,
			);
			fileSystemSynchronizedGroups = (
				377630182F48D0BC00939EFA /* GIS Simulator 2UITests */,
			);
			name = "GIS Simulator 2UITests";
			packageProductDependencies = (
			);
			productName = "GIS Simulator 2UITests";
			productReference = 377630152F48D0BC00939EFA /* GIS Simulator 2UITests.xctest */;
			productType = "com.apple.product-type.bundle.ui-testing";
		};
/* End PBXNativeTarget section */

/* Begin PBXProject section */
		37762FED2F48D0BA00939EFA /* Project object */ = {
			isa = PBXProject;
			attributes = {
				BuildIndependentTargetsInParallel = 1;
				LastSwiftUpdateCheck = 2620;
				LastUpgradeCheck = 2620;
				TargetAttributes = {
					37762FF42F48D0BA00939EFA = {
						CreatedOnToolsVersion = 26.2;
					};
					3776300A2F48D0BC00939EFA = {
						CreatedOnToolsVersion = 26.2;
						TestTargetID = 37762FF42F48D0BA00939EFA;
					};
					377630142F48D0BC00939EFA = {
						CreatedOnToolsVersion = 26.2;
						TestTargetID = 37762FF42F48D0BA00939EFA;
					};
				};
			};
			buildConfigurationList = 37762FF02F48D0BA00939EFA /* Build configuration list for PBXProject "GIS Simulator 2" */;
			developmentRegion = en;
			hasScannedForEncodings = 0;
			knownRegions = (
				en,
				Base,
			);
			mainGroup = 37762FEC2F48D0BA00939EFA;
			minimizedProjectReferenceProxies = 1;
			preferredProjectObjectVersion = 77;
			productRefGroup = 37762FF62F48D0BA00939EFA /* Products */;
			projectDirPath = "";
			projectRoot = "";
			targets = (
				37762FF42F48D0BA00939EFA /* GIS Simulator 2 */,
				3776300A2F48D0BC00939EFA /* GIS Simulator 2Tests */,
				377630142F48D0BC00939EFA /* GIS Simulator 2UITests */,
			);
		};
/* End PBXProject section */

/* Begin PBXResourcesBuildPhase section */
		37762FF32F48D0BA00939EFA /* Resources */ = {
			isa = PBXResourcesBuildPhase;
			buildActionMask = 2147483647;
			files = (
			);
			runOnlyForDeploymentPostprocessing = 0;
		};
		377630092F48D0BC00939EFA /* Resources */ = {
			isa = PBXResourcesBuildPhase;
			buildActionMask = 2147483647;
			files = (
			);
			runOnlyForDeploymentPostprocessing = 0;
		};
		377630132F48D0BC00939EFA /* Resources */ = {
			isa = PBXResourcesBuildPhase;
			buildActionMask = 2147483647;
			files = (
			);
			runOnlyForDeploymentPostprocessing = 0;
		};
/* End PBXResourcesBuildPhase section */

/* Begin PBXSourcesBuildPhase section */
		37762FF12F48D0BA00939EFA /* Sources */ = {
			isa = PBXSourcesBuildPhase;
			buildActionMask = 2147483647;
			files = (
			);
			runOnlyForDeploymentPostprocessing = 0;
		};
		377630072F48D0BC00939EFA /* Sources */ = {
			isa = PBXSourcesBuildPhase;
			buildActionMask = 2147483647;
			files = (
			);
			runOnlyForDeploymentPostprocessing = 0;
		};
		377630112F48D0BC00939EFA /* Sources */ = {
			isa = PBXSourcesBuildPhase;
			buildActionMask = 2147483647;
			files = (
			);
			runOnlyForDeploymentPostprocessing = 0;
		};
/* End PBXSourcesBuildPhase section */

/* Begin PBXTargetDependency section */
		3776300D2F48D0BC00939EFA /* PBXTargetDependency */ = {
			isa = PBXTargetDependency;
			target = 37762FF42F48D0BA00939EFA /* GIS Simulator 2 */;
			targetProxy = 3776300C2F48D0BC00939EFA /* PBXContainerItemProxy */;
		};
		377630172F48D0BC00939EFA /* PBXTargetDependency */ = {
			isa = PBXTargetDependency;
			target = 37762FF42F48D0BA00939EFA /* GIS Simulator 2 */;
			targetProxy = 377630162F48D0BC00939EFA /* PBXContainerItemProxy */;
		};
/* End PBXTargetDependency section */

/* Begin XCBuildConfiguration section */
		3776301F2F48D0BC00939EFA /* Debug */ = {
			isa = XCBuildConfiguration;
			buildSettings = {
				ASSETCATALOG_COMPILER_APPICON_NAME = GS_2;
				ASSETCATALOG_COMPILER_GLOBAL_ACCENT_COLOR_NAME = AccentColor;
				ASSETCATALOG_COMPILER_INCLUDE_ALL_APPICON_ASSETS = NO;
				CODE_SIGN_STYLE = Automatic;
				CURRENT_PROJECT_VERSION = 1;
				DEVELOPMENT_TEAM = TQU5FGEV2A;
				GENERATE_INFOPLIST_FILE = YES;
				INFOPLIST_FILE = "GIS Simulator 2/Info.plist";
				INFOPLIST_KEY_CFBundleDisplayName = "GIS Simulator";
				INFOPLIST_KEY_LSApplicationCategoryType = "public.app-category.utilities";
				INFOPLIST_KEY_UIApplicationSupportsIndirectInputEvents = YES;
				INFOPLIST_KEY_UILaunchStoryboardName = "";
				INFOPLIST_KEY_UIMainStoryboardFile = "";
				INFOPLIST_KEY_UISupportedInterfaceOrientations = "UIInterfaceOrientationLandscapeLeft UIInterfaceOrientationLandscapeRight UIInterfaceOrientationPortrait";
				INFOPLIST_KEY_UISupportedInterfaceOrientations_iPad = "UIInterfaceOrientationLandscapeLeft UIInterfaceOrientationLandscapeRight";
				LD_RUNPATH_SEARCH_PATHS = (
					"$(inherited)",
					"@executable_path/Frameworks",
				);
				MARKETING_VERSION = 1.0;
				PRODUCT_BUNDLE_IDENTIFIER = "ca.biickert.GIS-Simulator-2";
				PRODUCT_NAME = "$(TARGET_NAME)";
				STRING_CATALOG_GENERATE_SYMBOLS = YES;
				SUPPORTED_PLATFORMS = "iphoneos iphonesimulator";
				SUPPORTS_MACCATALYST = NO;
				SUPPORTS_XR_DESIGNED_FOR_IPHONE_IPAD = NO;
				SWIFT_APPROACHABLE_CONCURRENCY = YES;
				SWIFT_DEFAULT_ACTOR_ISOLATION = nonisolated;
				SWIFT_EMIT_LOC_STRINGS = YES;
				SWIFT_UPCOMING_FEATURE_MEMBER_IMPORT_VISIBILITY = YES;
				SWIFT_VERSION = 5.0;
				TARGETED_DEVICE_FAMILY = 2;
			};
			name = Debug;
		};
		377630202F48D0BC00939EFA /* Release */ = {
			isa = XCBuildConfiguration;
			buildSettings = {
				ASSETCATALOG_COMPILER_APPICON_NAME = GS_2;
				ASSETCATALOG_COMPILER_GLOBAL_ACCENT_COLOR_NAME = AccentColor;
				ASSETCATALOG_COMPILER_INCLUDE_ALL_APPICON_ASSETS = NO;
				CODE_SIGN_STYLE = Automatic;
				CURRENT_PROJECT_VERSION = 1;
				DEVELOPMENT_TEAM = TQU5FGEV2A;
				GENERATE_INFOPLIST_FILE = YES;
				INFOPLIST_FILE = "GIS Simulator 2/Info.plist";
				INFOPLIST_KEY_CFBundleDisplayName = "GIS Simulator";
				INFOPLIST_KEY_LSApplicationCategoryType = "public.app-category.utilities";
				INFOPLIST_KEY_UIApplicationSupportsIndirectInputEvents = YES;
				INFOPLIST_KEY_UILaunchStoryboardName = "";
				INFOPLIST_KEY_UIMainStoryboardFile = "";
				INFOPLIST_KEY_UISupportedInterfaceOrientations = "UIInterfaceOrientationLandscapeLeft UIInterfaceOrientationLandscapeRight UIInterfaceOrientationPortrait";
				INFOPLIST_KEY_UISupportedInterfaceOrientations_iPad = "UIInterfaceOrientationLandscapeLeft UIInterfaceOrientationLandscapeRight";
				LD_RUNPATH_SEARCH_PATHS = (
					"$(inherited)",
					"@executable_path/Frameworks",
				);
				MARKETING_VERSION = 1.0;
				PRODUCT_BUNDLE_IDENTIFIER = "ca.biickert.GIS-Simulator-2";
				PRODUCT_NAME = "$(TARGET_NAME)";
				STRING_CATALOG_GENERATE_SYMBOLS = YES;
				SUPPORTED_PLATFORMS = "iphoneos iphonesimulator";
				SUPPORTS_MACCATALYST = NO;
				SUPPORTS_XR_DESIGNED_FOR_IPHONE_IPAD = NO;
				SWIFT_APPROACHABLE_CONCURRENCY = YES;
				SWIFT_DEFAULT_ACTOR_ISOLATION = nonisolated;
				SWIFT_EMIT_LOC_STRINGS = YES;
				SWIFT_UPCOMING_FEATURE_MEMBER_IMPORT_VISIBILITY = YES;
				SWIFT_VERSION = 5.0;
				TARGETED_DEVICE_FAMILY = 2;
			};
			name = Release;
		};
		377630212F48D0BC00939EFA /* Debug */ = {
			isa = XCBuildConfiguration;
			buildSettings = {
				ALWAYS_SEARCH_USER_PATHS = NO;
				ASSETCATALOG_COMPILER_GENERATE_SWIFT_ASSET_SYMBOL_EXTENSIONS = YES;
				CLANG_ANALYZER_NONNULL = YES;
				CLANG_ANALYZER_NUMBER_OBJECT_CONVERSION = YES_AGGRESSIVE;
				CLANG_CXX_LANGUAGE_STANDARD = "gnu++20";
				CLANG_ENABLE_MODULES = YES;
				CLANG_ENABLE_OBJC_ARC = YES;
				CLANG_ENABLE_OBJC_WEAK = YES;
				CLANG_WARN_BLOCK_CAPTURE_AUTORELEASING = YES;
				CLANG_WARN_BOOL_CONVERSION = YES;
				CLANG_WARN_COMMA = YES;
				CLANG_WARN_CONSTANT_CONVERSION = YES;
				CLANG_WARN_DEPRECATED_OBJC_IMPLEMENTATIONS = YES;
				CLANG_WARN_DIRECT_OBJC_ISA_USAGE = YES_ERROR;
				CLANG_WARN_DOCUMENTATION_COMMENTS = YES;
				CLANG_WARN_EMPTY_BODY = YES;
				CLANG_WARN_ENUM_CONVERSION = YES;
				CLANG_WARN_INFINITE_RECURSION = YES;
				CLANG_WARN_INT_CONVERSION = YES;
				CLANG_WARN_NON_LITERAL_NULL_CONVERSION = YES;
				CLANG_WARN_OBJC_IMPLICIT_RETAIN_SELF = YES;
				CLANG_WARN_OBJC_LITERAL_CONVERSION = YES;
				CLANG_WARN_OBJC_ROOT_CLASS = YES_ERROR;
				CLANG_WARN_QUOTED_INCLUDE_IN_FRAMEWORK_HEADER = YES;
				CLANG_WARN_RANGE_LOOP_ANALYSIS = YES;
				CLANG_WARN_STRICT_PROTOTYPES = YES;
				CLANG_WARN_SUSPICIOUS_MOVE = YES;
				CLANG_WARN_UNGUARDED_AVAILABILITY = YES_AGGRESSIVE;
				CLANG_WARN_UNREACHABLE_CODE = YES;
				CLANG_WARN__DUPLICATE_METHOD_MATCH = YES;
				COPY_PHASE_STRIP = NO;
				DEBUG_INFORMATION_FORMAT = dwarf;
				DEVELOPMENT_TEAM = TQU5FGEV2A;
				ENABLE_STRICT_OBJC_MSGSEND = YES;
				ENABLE_TESTABILITY = YES;
				ENABLE_USER_SCRIPT_SANDBOXING = YES;
				GCC_C_LANGUAGE_STANDARD = gnu17;
				GCC_DYNAMIC_NO_PIC = NO;
				GCC_NO_COMMON_BLOCKS = YES;
				GCC_OPTIMIZATION_LEVEL = 0;
				GCC_PREPROCESSOR_DEFINITIONS = (
					"DEBUG=1",
					"$(inherited)",
				);
				GCC_WARN_64_TO_32_BIT_CONVERSION = YES;
				GCC_WARN_ABOUT_RETURN_TYPE = YES_ERROR;
				GCC_WARN_UNDECLARED_SELECTOR = YES;
				GCC_WARN_UNINITIALIZED_AUTOS = YES_AGGRESSIVE;
				GCC_WARN_UNUSED_FUNCTION = YES;
				GCC_WARN_UNUSED_VARIABLE = YES;
				IPHONEOS_DEPLOYMENT_TARGET = 26.2;
				LOCALIZATION_PREFERS_STRING_CATALOGS = YES;
				MTL_ENABLE_DEBUG_INFO = INCLUDE_SOURCE;
				MTL_FAST_MATH = YES;
				ONLY_ACTIVE_ARCH = YES;
				SDKROOT = iphoneos;
				SWIFT_ACTIVE_COMPILATION_CONDITIONS = "DEBUG $(inherited)";
				SWIFT_DEFAULT_ACTOR_ISOLATION = nonisolated;
				SWIFT_OPTIMIZATION_LEVEL = "-Onone";
			};
			name = Debug;
		};
		377630222F48D0BC00939EFA /* Release */ = {
			isa = XCBuildConfiguration;
			buildSettings = {
				ALWAYS_SEARCH_USER_PATHS = NO;
				ASSETCATALOG_COMPILER_GENERATE_SWIFT_ASSET_SYMBOL_EXTENSIONS = YES;
				CLANG_ANALYZER_NONNULL = YES;
				CLANG_ANALYZER_NUMBER_OBJECT_CONVERSION = YES_AGGRESSIVE;
				CLANG_CXX_LANGUAGE_STANDARD = "gnu++20";
				CLANG_ENABLE_MODULES = YES;
				CLANG_ENABLE_OBJC_ARC = YES;
				CLANG_ENABLE_OBJC_WEAK = YES;
				CLANG_WARN_BLOCK_CAPTURE_AUTORELEASING = YES;
				CLANG_WARN_BOOL_CONVERSION = YES;
				CLANG_WARN_COMMA = YES;
				CLANG_WARN_CONSTANT_CONVERSION = YES;
				CLANG_WARN_DEPRECATED_OBJC_IMPLEMENTATIONS = YES;
				CLANG_WARN_DIRECT_OBJC_ISA_USAGE = YES_ERROR;
				CLANG_WARN_DOCUMENTATION_COMMENTS = YES;
				CLANG_WARN_EMPTY_BODY = YES;
				CLANG_WARN_ENUM_CONVERSION = YES;
				CLANG_WARN_INFINITE_RECURSION = YES;
				CLANG_WARN_INT_CONVERSION = YES;
				CLANG_WARN_NON_LITERAL_NULL_CONVERSION = YES;
				CLANG_WARN_OBJC_IMPLICIT_RETAIN_SELF = YES;
				CLANG_WARN_OBJC_LITERAL_CONVERSION = YES;
				CLANG_WARN_OBJC_ROOT_CLASS = YES_ERROR;
				CLANG_WARN_QUOTED_INCLUDE_IN_FRAMEWORK_HEADER = YES;
				CLANG_WARN_RANGE_LOOP_ANALYSIS = YES;
				CLANG_WARN_STRICT_PROTOTYPES = YES;
				CLANG_WARN_SUSPICIOUS_MOVE = YES;
				CLANG_WARN_UNGUARDED_AVAILABILITY = YES_AGGRESSIVE;
				CLANG_WARN_UNREACHABLE_CODE = YES;
				CLANG_WARN__DUPLICATE_METHOD_MATCH = YES;
				COPY_PHASE_STRIP = NO;
				DEBUG_INFORMATION_FORMAT = "dwarf-with-dsym";
				DEVELOPMENT_TEAM = TQU5FGEV2A;
				ENABLE_NS_ASSERTIONS = NO;
				ENABLE_STRICT_OBJC_MSGSEND = YES;
				ENABLE_USER_SCRIPT_SANDBOXING = YES;
				GCC_C_LANGUAGE_STANDARD = gnu17;
				GCC_NO_COMMON_BLOCKS = YES;
				GCC_WARN_64_TO_32_BIT_CONVERSION = YES;
				GCC_WARN_ABOUT_RETURN_TYPE = YES_ERROR;
				GCC_WARN_UNDECLARED_SELECTOR = YES;
				GCC_WARN_UNINITIALIZED_AUTOS = YES_AGGRESSIVE;
				GCC_WARN_UNUSED_FUNCTION = YES;
				GCC_WARN_UNUSED_VARIABLE = YES;
				IPHONEOS_DEPLOYMENT_TARGET = 26.2;
				LOCALIZATION_PREFERS_STRING_CATALOGS = YES;
				MTL_ENABLE_DEBUG_INFO = NO;
				MTL_FAST_MATH = YES;
				SDKROOT = iphoneos;
				SWIFT_COMPILATION_MODE = wholemodule;
				SWIFT_DEFAULT_ACTOR_ISOLATION = nonisolated;
				VALIDATE_PRODUCT = YES;
			};
			name = Release;
		};
		377630242F48D0BC00939EFA /* Debug */ = {
			isa = XCBuildConfiguration;
			buildSettings = {
				BUNDLE_LOADER = "$(TEST_HOST)";
				CODE_SIGN_STYLE = Automatic;
				CURRENT_PROJECT_VERSION = 1;
				DEVELOPMENT_TEAM = TQU5FGEV2A;
				GENERATE_INFOPLIST_FILE = YES;
				IPHONEOS_DEPLOYMENT_TARGET = 26.2;
				MARKETING_VERSION = 1.0;
				PRODUCT_BUNDLE_IDENTIFIER = "ca.biickert.GIS-Simulator-2Tests";
				PRODUCT_NAME = "$(TARGET_NAME)";
				STRING_CATALOG_GENERATE_SYMBOLS = NO;
				SWIFT_APPROACHABLE_CONCURRENCY = YES;
				SWIFT_EMIT_LOC_STRINGS = NO;
				SWIFT_UPCOMING_FEATURE_MEMBER_IMPORT_VISIBILITY = YES;
				SWIFT_VERSION = 5.0;
				TARGETED_DEVICE_FAMILY = "1,2";
				TEST_HOST = "$(BUILT_PRODUCTS_DIR)/GIS Simulator 2.app/$(BUNDLE_EXECUTABLE_FOLDER_PATH)/GIS Simulator 2";
			};
			name = Debug;
		};
		377630252F48D0BC00939EFA /* Release */ = {
			isa = XCBuildConfiguration;
			buildSettings = {
				BUNDLE_LOADER = "$(TEST_HOST)";
				CODE_SIGN_STYLE = Automatic;
				CURRENT_PROJECT_VERSION = 1;
				DEVELOPMENT_TEAM = TQU5FGEV2A;
				GENERATE_INFOPLIST_FILE = YES;
				IPHONEOS_DEPLOYMENT_TARGET = 26.2;
				MARKETING_VERSION = 1.0;
				PRODUCT_BUNDLE_IDENTIFIER = "ca.biickert.GIS-Simulator-2Tests";
				PRODUCT_NAME = "$(TARGET_NAME)";
				STRING_CATALOG_GENERATE_SYMBOLS = NO;
				SWIFT_APPROACHABLE_CONCURRENCY = YES;
				SWIFT_EMIT_LOC_STRINGS = NO;
				SWIFT_UPCOMING_FEATURE_MEMBER_IMPORT_VISIBILITY = YES;
				SWIFT_VERSION = 5.0;
				TARGETED_DEVICE_FAMILY = "1,2";
				TEST_HOST = "$(BUILT_PRODUCTS_DIR)/GIS Simulator 2.app/$(BUNDLE_EXECUTABLE_FOLDER_PATH)/GIS Simulator 2";
			};
			name = Release;
		};
		377630272F48D0BC00939EFA /* Debug */ = {
			isa = XCBuildConfiguration;
			buildSettings = {
				CODE_SIGN_STYLE = Automatic;
				CURRENT_PROJECT_VERSION = 1;
				DEVELOPMENT_TEAM = TQU5FGEV2A;
				GENERATE_INFOPLIST_FILE = YES;
				MARKETING_VERSION = 1.0;
				PRODUCT_BUNDLE_IDENTIFIER = "ca.biickert.GIS-Simulator-2UITests";
				PRODUCT_NAME = "$(TARGET_NAME)";
				STRING_CATALOG_GENERATE_SYMBOLS = NO;
				SWIFT_APPROACHABLE_CONCURRENCY = YES;
				SWIFT_EMIT_LOC_STRINGS = NO;
				SWIFT_UPCOMING_FEATURE_MEMBER_IMPORT_VISIBILITY = YES;
				SWIFT_VERSION = 5.0;
				TARGETED_DEVICE_FAMILY = "1,2";
				TEST_TARGET_NAME = "GIS Simulator 2";
			};
			name = Debug;
		};
		377630282F48D0BC00939EFA /* Release */ = {
			isa = XCBuildConfiguration;
			buildSettings = {
				CODE_SIGN_STYLE = Automatic;
				CURRENT_PROJECT_VERSION = 1;
				DEVELOPMENT_TEAM = TQU5FGEV2A;
				GENERATE_INFOPLIST_FILE = YES;
				MARKETING_VERSION = 1.0;
				PRODUCT_BUNDLE_IDENTIFIER = "ca.biickert.GIS-Simulator-2UITests";
				PRODUCT_NAME = "$(TARGET_NAME)";
				STRING_CATALOG_GENERATE_SYMBOLS = NO;
				SWIFT_APPROACHABLE_CONCURRENCY = YES;
				SWIFT_EMIT_LOC_STRINGS = NO;
				SWIFT_UPCOMING_FEATURE_MEMBER_IMPORT_VISIBILITY = YES;
				SWIFT_VERSION = 5.0;
				TARGETED_DEVICE_FAMILY = "1,2";
				TEST_TARGET_NAME = "GIS Simulator 2";
			};
			name = Release;
		};
/* End XCBuildConfiguration section */

/* Begin XCConfigurationList section */
		37762FF02F48D0BA00939EFA /* Build configuration list for PBXProject "GIS Simulator 2" */ = {
			isa = XCConfigurationList;
			buildConfigurations = (
				377630212F48D0BC00939EFA /* Debug */,
				377630222F48D0BC00939EFA /* Release */,
			);
			defaultConfigurationIsVisible = 0;
			defaultConfigurationName = Release;
		};
		3776301E2F48D0BC00939EFA /* Build configuration list for PBXNativeTarget "GIS Simulator 2" */ = {
			isa = XCConfigurationList;
			buildConfigurations = (
				3776301F2F48D0BC00939EFA /* Debug */,
				377630202F48D0BC00939EFA /* Release */,
			);
			defaultConfigurationIsVisible = 0;
			defaultConfigurationName = Release;
		};
		377630232F48D0BC00939EFA /* Build configuration list for PBXNativeTarget "GIS Simulator 2Tests" */ = {
			isa = XCConfigurationList;
			buildConfigurations = (
				377630242F48D0BC00939EFA /* Debug */,
				377630252F48D0BC00939EFA /* Release */,
			);
			defaultConfigurationIsVisible = 0;
			defaultConfigurationName = Release;
		};
		377630262F48D0BC00939EFA /* Build configuration list for PBXNativeTarget "GIS Simulator 2UITests" */ = {
			isa = XCConfigurationList;
			buildConfigurations = (
				377630272F48D0BC00939EFA /* Debug */,
				377630282F48D0BC00939EFA /* Release */,
			);
			defaultConfigurationIsVisible = 0;
			defaultConfigurationName = Release;
		};
/* End XCConfigurationList section */
	};
	rootObject = 37762FED2F48D0BA00939EFA /* Project object */;
}
